
Microsoft Visual Studio Solution File, Format Version 12.00
# Visual Studio Version 17
VisualStudioVersion = 17.4.33110.190
MinimumVisualStudioVersion = 10.0.40219.1
Project("{9A19103F-16F7-4668-BE54-9A1E7A4F7556}") = "App.Api", "App.Api\App.Api.csproj", "{E4F72A4C-32E7-4BD2-B7C9-1581A94EF9C7}"
EndProject
Project("{9A19103F-16F7-4668-BE54-9A1E7A4F7556}") = "App.Data", "App.Data\App.Data.csproj", "{AC4C04F2-3189-4B91-89D8-8CAB8FF6D12A}"
EndProject
Project("{9A19103F-16F7-4668-BE54-9A1E7A4F7556}") = "App.YandexClient", "App.YandexClient\App.YandexClient.csproj", "{56BA5D54-D7E6-45FE-AD02-4CA7D0835B0D}"
EndProject
Global
	GlobalSection(SolutionConfigurationPlatforms) = preSolution
		Debug|Any CPU = Debug|Any CPU
		Release|Any CPU = Release|Any CPU
	EndGlobalSection
	GlobalSection(ProjectConfigurationPlatforms) = postSolution
		{E4F72A4C-32E7-4BD2-B7C9-1581A94EF9C7}.Debug|Any CPU.ActiveCfg = Debug|Any CPU
		{E4F72A4C-32E7-4BD2-B7C9-1581A94EF9C7}.Debug|Any CPU.Build.0 = Debug|Any CPU
		{E4F72A4C-32E7-4BD2-B7C9-1581A94EF9C7}.Release|Any CPU.ActiveCfg = Release|Any CPU
		{E4F72A4C-32E7-4BD2-B7C9-1581A94EF9C7}.Release|Any CPU.Build.0 = Release|Any CPU
		{AC4C04F2-3189-4B91-89D8-8CAB8FF6D12A}.Debug|Any CPU.ActiveCfg = Debug|Any CPU
		{AC4C04F2-3189-4B91-89D8-8CAB8FF6D12A}.Debug|Any CPU.Build.0 = Debug|Any CPU
		{AC4C04F2-3189-4B91-89D8-8CAB8FF6D12A}.Release|Any CPU.ActiveCfg = Release|Any CPU
		{AC4C04F2-3189-4B91-89D8-8CAB8FF6D12A}.Release|Any CPU.Build.0 = Release|Any CPU
		{56BA5D54-D7E6-45FE-AD02-4CA7D0835B0D}.Debug|Any CPU.ActiveCfg = Debug|Any CPU
		{56BA5D54-D7E6-45FE-AD02-4CA7D0835B0D}.Debug|Any CPU.Build.0 = Debug|Any CPU
		{56BA5D54-D7E6-45FE-AD02-4CA7D0835B0D}.Release|Any CPU.ActiveCfg = Release|Any CPU
		{56BA5D54-D7E6-45FE-AD02-4CA7D0835B0D}.Release|Any CPU.Build.0 = Release|Any CPU
	EndGlobalSection
	GlobalSection(SolutionProperties) = preSolution
		HideSolutionNode = FALSE
	EndGlobalSection
	GlobalSection(ExtensibilityGlobals) = postSolution
		SolutionGuid = {92CA009E-540F-4B24-AA5A-AF3907532EB2}
	EndGlobalSection
EndGlobal
